
Microsoft Visual Studio Solution File, Format Version 12.00
# Visual Studio Version 17
VisualStudioVersion = 17.10.35122.118
MinimumVisualStudioVersion = 10.0.40219.1
Project("{FAE04EC0-301F-11D3-BF4B-00C04F79EFBC}") = "SlideControlApp", "SlideControlApp\SlideControlApp.csproj", "{F10E30C9-F22D-4FA1-932D-F6A8CC44BA99}"
EndProject
Global
	GlobalSection(SolutionConfigurationPlatforms) = preSolution
		Debug|Any CPU = Debug|Any CPU
		Release|Any CPU = Release|Any CPU
	EndGlobalSection
	GlobalSection(ProjectConfigurationPlatforms) = postSolution
		{F10E30C9-F22D-4FA1-932D-F6A8CC44BA99}.Debug|Any CPU.ActiveCfg = Debug|Any CPU
		{F10E30C9-F22D-4FA1-932D-F6A8CC44BA99}.Debug|Any CPU.Build.0 = Debug|Any CPU
		{F10E30C9-F22D-4FA1-932D-F6A8CC44BA99}.Release|Any CPU.ActiveCfg = Release|Any CPU
		{F10E30C9-F22D-4FA1-932D-F6A8CC44BA99}.Release|Any CPU.Build.0 = Release|Any CPU
	EndGlobalSection
	GlobalSection(SolutionProperties) = preSolution
		HideSolutionNode = FALSE
	EndGlobalSection
	GlobalSection(ExtensibilityGlobals) = postSolution
		SolutionGuid = {05F2F1EA-BA82-4795-AA13-D91149A4F953}
	EndGlobalSection
EndGlobal
